
Microsoft Visual Studio Solution File, Format Version 12.00
# Visual Studio Version 16
VisualStudioVersion = 16.0.31313.79
MinimumVisualStudioVersion = 10.0.40219.1
Project("{9A19103F-16F7-4668-BE54-9A1E7A4F7556}") = "BookService", "BookService\BookService.csproj", "{61F6B028-53D3-40A2-83BD-5DCCEFB6A959}"
EndProject
Global
	GlobalSection(SolutionConfigurationPlatforms) = preSolution
		Debug|Any CPU = Debug|Any CPU
		Release|Any CPU = Release|Any CPU
	EndGlobalSection
	GlobalSection(ProjectConfigurationPlatforms) = postSolution
		{61F6B028-53D3-40A2-83BD-5DCCEFB6A959}.Debug|Any CPU.ActiveCfg = Debug|Any CPU
		{61F6B028-53D3-40A2-83BD-5DCCEFB6A959}.Debug|Any CPU.Build.0 = Debug|Any CPU
		{61F6B028-53D3-40A2-83BD-5DCCEFB6A959}.Release|Any CPU.ActiveCfg = Release|Any CPU
		{61F6B028-53D3-40A2-83BD-5DCCEFB6A959}.Release|Any CPU.Build.0 = Release|Any CPU
	EndGlobalSection
	GlobalSection(SolutionProperties) = preSolution
		HideSolutionNode = FALSE
	EndGlobalSection
	GlobalSection(ExtensibilityGlobals) = postSolution
		SolutionGuid = {C971C0DA-DBB9-4B13-9A4F-306143700F4C}
	EndGlobalSection
EndGlobal
