
Microsoft Visual Studio Solution File, Format Version 12.00
# Visual Studio Version 17
VisualStudioVersion = 17.0.32014.148
MinimumVisualStudioVersion = 10.0.40219.1
Project("{FAE04EC0-301F-11D3-BF4B-00C04F79EFBC}") = "ReservationService", "ReservationService\ReservationService.csproj", "{FC833C30-D238-49B8-A50E-8157B3DF7145}"
EndProject
Global
	GlobalSection(SolutionConfigurationPlatforms) = preSolution
		Debug|Any CPU = Debug|Any CPU
		Release|Any CPU = Release|Any CPU
	EndGlobalSection
	GlobalSection(ProjectConfigurationPlatforms) = postSolution
		{FC833C30-D238-49B8-A50E-8157B3DF7145}.Debug|Any CPU.ActiveCfg = Debug|Any CPU
		{FC833C30-D238-49B8-A50E-8157B3DF7145}.Debug|Any CPU.Build.0 = Debug|Any CPU
		{FC833C30-D238-49B8-A50E-8157B3DF7145}.Release|Any CPU.ActiveCfg = Release|Any CPU
		{FC833C30-D238-49B8-A50E-8157B3DF7145}.Release|Any CPU.Build.0 = Release|Any CPU
	EndGlobalSection
	GlobalSection(SolutionProperties) = preSolution
		HideSolutionNode = FALSE
	EndGlobalSection
	GlobalSection(ExtensibilityGlobals) = postSolution
		SolutionGuid = {AFC2FACF-63CE-4EE0-BF7A-7D7ECD81B184}
	EndGlobalSection
EndGlobal
